{
  "name": "file-tagger",
  "version": "0.1.0",
  "lockfileVersion": 3,
  "requires": true,
  "packages": {
    "": {
      "name": "file-tagger",
      "version": "0.1.0",
      "license": "MIT",
      "bin": {
        "file-tagger": "bin/file-tagger"
      },
      "engines": {
        "node": ">=18"
      }
    }
  }
}
